{
  "name": "benchmark-node-provider-spoof-control",
  "version": "1.0.0",
  "lockfileVersion": 3,
  "requires": true,
  "packages": {
    "": {
      "name": "benchmark-node-provider-spoof-control",
      "version": "1.0.0",
      "dependencies": {
        "mongodb": "file:./mongodb"
      }
    },
    "mongodb": {
      "version": "6.19.0"
    },
    "node_modules/mongodb": {
      "resolved": "mongodb",
      "link": true
    }
  }
}
